
Microsoft Visual Studio Solution File, Format Version 12.00
# Visual Studio Version 17
VisualStudioVersion = 17.10.35004.147
MinimumVisualStudioVersion = 10.0.40219.1
Project("{FAE04EC0-301F-11D3-BF4B-00C04F79EFBC}") = "Sejismundo_dictionary_proj", "Sejismundo_dictionary_proj\Sejismundo_dictionary_proj.csproj", "{AFA9D77B-5C27-49AE-8522-3F81A80B1212}"
EndProject
Global
	GlobalSection(SolutionConfigurationPlatforms) = preSolution
		Debug|Any CPU = Debug|Any CPU
		Release|Any CPU = Release|Any CPU
	EndGlobalSection
	GlobalSection(ProjectConfigurationPlatforms) = postSolution
		{AFA9D77B-5C27-49AE-8522-3F81A80B1212}.Debug|Any CPU.ActiveCfg = Debug|Any CPU
		{AFA9D77B-5C27-49AE-8522-3F81A80B1212}.Debug|Any CPU.Build.0 = Debug|Any CPU
		{AFA9D77B-5C27-49AE-8522-3F81A80B1212}.Release|Any CPU.ActiveCfg = Release|Any CPU
		{AFA9D77B-5C27-49AE-8522-3F81A80B1212}.Release|Any CPU.Build.0 = Release|Any CPU
	EndGlobalSection
	GlobalSection(SolutionProperties) = preSolution
		HideSolutionNode = FALSE
	EndGlobalSection
	GlobalSection(ExtensibilityGlobals) = postSolution
		SolutionGuid = {BAF562C7-D0BD-46F1-9229-20CB4F3736B9}
	EndGlobalSection
EndGlobal
